
Microsoft Visual Studio Solution File, Format Version 12.00
# Visual Studio Version 17
VisualStudioVersion = 17.13.35806.99 d17.13
MinimumVisualStudioVersion = 10.0.40219.1
Project("{FAE04EC0-301F-11D3-BF4B-00C04F79EFBC}") = "ConsoleApp9", "ConsoleApp9\ConsoleApp9.csproj", "{48B74043-78CF-4B58-85A0-08DE2A7AC860}"
EndProject
Global
	GlobalSection(SolutionConfigurationPlatforms) = preSolution
		Debug|Any CPU = Debug|Any CPU
		Release|Any CPU = Release|Any CPU
	EndGlobalSection
	GlobalSection(ProjectConfigurationPlatforms) = postSolution
		{48B74043-78CF-4B58-85A0-08DE2A7AC860}.Debug|Any CPU.ActiveCfg = Debug|Any CPU
		{48B74043-78CF-4B58-85A0-08DE2A7AC860}.Debug|Any CPU.Build.0 = Debug|Any CPU
		{48B74043-78CF-4B58-85A0-08DE2A7AC860}.Release|Any CPU.ActiveCfg = Release|Any CPU
		{48B74043-78CF-4B58-85A0-08DE2A7AC860}.Release|Any CPU.Build.0 = Release|Any CPU
	EndGlobalSection
	GlobalSection(SolutionProperties) = preSolution
		HideSolutionNode = FALSE
	EndGlobalSection
	GlobalSection(ExtensibilityGlobals) = postSolution
		SolutionGuid = {8F6BC911-1711-4EC2-9F31-CE1FC1130CEA}
	EndGlobalSection
EndGlobal
